// !$*UTF8*$!
{
	archiveVersion = 1;
	classes = {
	};
	objectVersion = 56;
	objects = {

/* Begin PBXBuildFile section */
		CE0637222A32C8B80007E511 /* WeiBoSwiftUIApp.swift in Sources */ = {isa = PBXBuildFile; fileRef = CE0637212A32C8B80007E511 /* WeiBoSwiftUIApp.swift */; };
		CE0637242A32C8B80007E511 /* ContentView.swift in Sources */ = {isa = PBXBuildFile; fileRef = CE0637232A32C8B80007E511 /* ContentView.swift */; };
		CE0637262A32C8B90007E511 /* Assets.xcassets in Resources */ = {isa = PBXBuildFile; fileRef = CE0637252A32C8B90007E511 /* Assets.xcassets */; };
		CE0637292A32C8B90007E511 /* Preview Assets.xcassets in Resources */ = {isa = PBXBuildFile; fileRef = CE0637282A32C8B90007E511 /* Preview Assets.xcassets */; };
		CE0637302A32CEE40007E511 /* PostCell.swift in Sources */ = {isa = PBXBuildFile; fileRef = CE06372F2A32CEE40007E511 /* PostCell.swift */; };
		CE0637322A32D4750007E511 /* PostVIPBadge.swift in Sources */ = {isa = PBXBuildFile; fileRef = CE0637312A32D4750007E511 /* PostVIPBadge.swift */; };
		CE0637342A32E54E0007E511 /* Post.swift in Sources */ = {isa = PBXBuildFile; fileRef = CE0637332A32E54E0007E511 /* Post.swift */; };
		CE06378A2A32F5FA0007E511 /* 700a34f6ly8g9a29rjt92j20fn0iqdg8.jpg in Resources */ = {isa = PBXBuildFile; fileRef = CE0637372A32F5EC0007E511 /* 700a34f6ly8g9a29rjt92j20fn0iqdg8.jpg */; };
		CE06378B2A32F5FA0007E511 /* 006PdkDogy1gap6ngiyn3j30u011idle.jpg in Resources */ = {isa = PBXBuildFile; fileRef = CE0637382A32F5EC0007E511 /* 006PdkDogy1gap6ngiyn3j30u011idle.jpg */; };
		CE06378C2A32F5FA0007E511 /* 9dc7402fgy1gavd37l9nwj20j60ny44q.jpg in Resources */ = {isa = PBXBuildFile; fileRef = CE0637392A32F5EC0007E511 /* 9dc7402fgy1gavd37l9nwj20j60ny44q.jpg */; };
		CE06378D2A32F5FA0007E511 /* bca7fdafly1gax1gqdg6qj20c80avdgl.jpg in Resources */ = {isa = PBXBuildFile; fileRef = CE06373A2A32F5EC0007E511 /* bca7fdafly1gax1gqdg6qj20c80avdgl.jpg */; };
		CE06378E2A32F5FA0007E511 /* 7f9147a5ly1fzxlh4ovuej20e90fl4fo.jpg in Resources */ = {isa = PBXBuildFile; fileRef = CE06373B2A32F5ED0007E511 /* 7f9147a5ly1fzxlh4ovuej20e90fl4fo.jpg */; };
		CE06378F2A32F5FA0007E511 /* 6ec3b446gy1gavd4xud8lj20j60qkwj0.jpg in Resources */ = {isa = PBXBuildFile; fileRef = CE06373C2A32F5ED0007E511 /* 6ec3b446gy1gavd4xud8lj20j60qkwj0.jpg */; };
		CE0637902A32F5FA0007E511 /* 8697cf1ely8gashxj3b09j20u00u040v.jpg in Resources */ = {isa = PBXBuildFile; fileRef = CE06373D2A32F5ED0007E511 /* 8697cf1ely8gashxj3b09j20u00u040v.jpg */; };
		CE0637912A32F5FA0007E511 /* bca7fdafly1gax1gqehdaj20c80atq3x.jpg in Resources */ = {isa = PBXBuildFile; fileRef = CE06373E2A32F5ED0007E511 /* bca7fdafly1gax1gqehdaj20c80atq3x.jpg */; };
		CE0637922A32F5FA0007E511 /* 630584a6gy1gau54zm4dtj20m80dftbv.jpg in Resources */ = {isa = PBXBuildFile; fileRef = CE06373F2A32F5ED0007E511 /* 630584a6gy1gau54zm4dtj20m80dftbv.jpg */; };
		CE0637932A32F5FA0007E511 /* eb5c94aegy1gav2509cp5j20zk0k0n2j.jpg in Resources */ = {isa = PBXBuildFile; fileRef = CE0637402A32F5ED0007E511 /* eb5c94aegy1gav2509cp5j20zk0k0n2j.jpg */; };
		CE0637942A32F5FA0007E511 /* eb5c94aely8fmvumnl9baj20v90v9q49.jpg in Resources */ = {isa = PBXBuildFile; fileRef = CE0637412A32F5EE0007E511 /* eb5c94aely8fmvumnl9baj20v90v9q49.jpg */; };
		CE0637952A32F5FA0007E511 /* d0c21786ly8fsax1ftiifj20ro0ro43g.jpg in Resources */ = {isa = PBXBuildFile; fileRef = CE0637422A32F5EE0007E511 /* d0c21786ly8fsax1ftiifj20ro0ro43g.jpg */; };
		CE0637962A32F5FA0007E511 /* bca7fdafly1gax1gqdnboj20c80atmxp.jpg in Resources */ = {isa = PBXBuildFile; fileRef = CE0637432A32F5EE0007E511 /* bca7fdafly1gax1gqdnboj20c80atmxp.jpg */; };
		CE0637972A32F5FA0007E511 /* eb5c94aegy1gav25ox6dvj20u00k1go9.jpg in Resources */ = {isa = PBXBuildFile; fileRef = CE0637442A32F5EE0007E511 /* eb5c94aegy1gav25ox6dvj20u00k1go9.jpg */; };
		CE0637982A32F5FA0007E511 /* 648ed25bjw8est9nqrtnij20500503yr.jpg in Resources */ = {isa = PBXBuildFile; fileRef = CE0637452A32F5EE0007E511 /* 648ed25bjw8est9nqrtnij20500503yr.jpg */; };
		CE0637992A32F5FA0007E511 /* 4e7f0c83gy1gam2mn58d3j22tc240qv5.jpg in Resources */ = {isa = PBXBuildFile; fileRef = CE0637462A32F5EE0007E511 /* 4e7f0c83gy1gam2mn58d3j22tc240qv5.jpg */; };
		CE06379A2A32F5FA0007E511 /* 8a0b5544gy1gauy2ex786j20u0129aed.jpg in Resources */ = {isa = PBXBuildFile; fileRef = CE0637472A32F5EF0007E511 /* 8a0b5544gy1gauy2ex786j20u0129aed.jpg */; };
		CE06379B2A32F5FA0007E511 /* 6a2afec3jw8fb4ld0qf2gj20e80dsdfz.jpg in Resources */ = {isa = PBXBuildFile; fileRef = CE0637482A32F5EF0007E511 /* 6a2afec3jw8fb4ld0qf2gj20e80dsdfz.jpg */; };
		CE06379C2A32F5FA0007E511 /* 005tnxzUly8gab4i2r73xj30u00u0js8.jpg in Resources */ = {isa = PBXBuildFile; fileRef = CE0637492A32F5EF0007E511 /* 005tnxzUly8gab4i2r73xj30u00u0js8.jpg */; };
		CE06379D2A32F5FA0007E511 /* 9dc7402fgy1gavd39ba15j20j60nywii.jpg in Resources */ = {isa = PBXBuildFile; fileRef = CE06374A2A32F5EF0007E511 /* 9dc7402fgy1gavd39ba15j20j60nywii.jpg */; };
		CE06379E2A32F5FA0007E511 /* 76297935ly1gatz8k5itij22c02c01ky.jpg in Resources */ = {isa = PBXBuildFile; fileRef = CE06374B2A32F5EF0007E511 /* 76297935ly1gatz8k5itij22c02c01ky.jpg */; };
		CE06379F2A32F5FA0007E511 /* 6ec3b446gy1gavd523embj20j60pytd6.jpg in Resources */ = {isa = PBXBuildFile; fileRef = CE06374C2A32F5EF0007E511 /* 6ec3b446gy1gavd523embj20j60pytd6.jpg */; };
		CE0637A02A32F5FA0007E511 /* 6ec3b446jw1e8qgp5bmzyj2050050aa8.jpg in Resources */ = {isa = PBXBuildFile; fileRef = CE06374D2A32F5F00007E511 /* 6ec3b446jw1e8qgp5bmzyj2050050aa8.jpg */; };
		CE0637A12A32F5FA0007E511 /* c5aa834fgy1gauzr6venkj20u01hc12f.jpg in Resources */ = {isa = PBXBuildFile; fileRef = CE06374E2A32F5F00007E511 /* c5aa834fgy1gauzr6venkj20u01hc12f.jpg */; };
		CE0637A22A32F5FA0007E511 /* c5aa834fly8g97m8ix9lcj20re0regnk.jpg in Resources */ = {isa = PBXBuildFile; fileRef = CE06374F2A32F5F00007E511 /* c5aa834fly8g97m8ix9lcj20re0regnk.jpg */; };
		CE0637A32A32F5FA0007E511 /* 006PdkDoly8ffywe2fq39j304g04gwed.jpg in Resources */ = {isa = PBXBuildFile; fileRef = CE0637502A32F5F00007E511 /* 006PdkDoly8ffywe2fq39j304g04gwed.jpg */; };
		CE0637A42A32F5FA0007E511 /* 76297935ly1gatz8obqvkj22c0340npe.jpg in Resources */ = {isa = PBXBuildFile; fileRef = CE0637512A32F5F00007E511 /* 76297935ly1gatz8obqvkj22c0340npe.jpg */; };
		CE0637A52A32F5FA0007E511 /* d0c21786ly1gavj2btv6tj20c80790tg.jpg in Resources */ = {isa = PBXBuildFile; fileRef = CE0637522A32F5F00007E511 /* d0c21786ly1gavj2btv6tj20c80790tg.jpg */; };
		CE0637A62A32F5FA0007E511 /* 8a0b5544gy1gauy2gmkg9j20u00gegnp.jpg in Resources */ = {isa = PBXBuildFile; fileRef = CE0637532A32F5F10007E511 /* 8a0b5544gy1gauy2gmkg9j20u00gegnp.jpg */; };
		CE0637A72A32F5FA0007E511 /* 7f9147a5ly1fzxlh6hzdnj20e90fl7me.jpg in Resources */ = {isa = PBXBuildFile; fileRef = CE0637542A32F5F10007E511 /* 7f9147a5ly1fzxlh6hzdnj20e90fl7me.jpg */; };
		CE0637A82A32F5FA0007E511 /* bca7fdafgw1ekhkps65b1j2050050dg4.jpg in Resources */ = {isa = PBXBuildFile; fileRef = CE0637552A32F5F10007E511 /* bca7fdafgw1ekhkps65b1j2050050dg4.jpg */; };
		CE0637A92A32F5FA0007E511 /* 006gWxMEly1gavap8vsqaj30hs0bwgm6.jpg in Resources */ = {isa = PBXBuildFile; fileRef = CE0637562A32F5F10007E511 /* 006gWxMEly1gavap8vsqaj30hs0bwgm6.jpg */; };
		CE0637AA2A32F5FA0007E511 /* d0c21786ly1gavj2cdrkyj20c80720tg.jpg in Resources */ = {isa = PBXBuildFile; fileRef = CE0637572A32F5F10007E511 /* d0c21786ly1gavj2cdrkyj20c80720tg.jpg */; };
		CE0637AB2A32F5FA0007E511 /* PostListData_hot_1.json in Resources */ = {isa = PBXBuildFile; fileRef = CE0637582A32F5F10007E511 /* PostListData_hot_1.json */; };
		CE0637AC2A32F5FA0007E511 /* 6a2afec3gy1gaulykcejqj20t5145wns.jpg in Resources */ = {isa = PBXBuildFile; fileRef = CE0637592A32F5F20007E511 /* 6a2afec3gy1gaulykcejqj20t5145wns.jpg */; };
		CE0637AD2A32F5FA0007E511 /* 9dc7402fgy1gavd38wwlrj20j60nyq6y.jpg in Resources */ = {isa = PBXBuildFile; fileRef = CE06375A2A32F5F20007E511 /* 9dc7402fgy1gavd38wwlrj20j60nyq6y.jpg */; };
		CE0637AE2A32F5FA0007E511 /* 006gWxMEly8g0bjpl3ynij30kv0kv773.jpg in Resources */ = {isa = PBXBuildFile; fileRef = CE06375B2A32F5F20007E511 /* 006gWxMEly8g0bjpl3ynij30kv0kv773.jpg */; };
		CE0637AF2A32F5FA0007E511 /* 700a34f6gy1gaunswxtlrj20j60pkgok.jpg in Resources */ = {isa = PBXBuildFile; fileRef = CE06375C2A32F5F20007E511 /* 700a34f6gy1gaunswxtlrj20j60pkgok.jpg */; };
		CE0637B02A32F5FA0007E511 /* 76297935ly1gatz8g5rvxj22c03401kz.jpg in Resources */ = {isa = PBXBuildFile; fileRef = CE06375D2A32F5F20007E511 /* 76297935ly1gatz8g5rvxj22c03401kz.jpg */; };
		CE0637B12A32F5FA0007E511 /* 630584a6gy1gau54zgaxhj20m80et0vq.jpg in Resources */ = {isa = PBXBuildFile; fileRef = CE06375E2A32F5F20007E511 /* 630584a6gy1gau54zgaxhj20m80et0vq.jpg */; };
		CE0637B22A32F5FA0007E511 /* c5aa834fgy1gauzrb7s5ej20tz13qh5x.jpg in Resources */ = {isa = PBXBuildFile; fileRef = CE06375F2A32F5F30007E511 /* c5aa834fgy1gauzrb7s5ej20tz13qh5x.jpg */; };
		CE0637B32A32F5FA0007E511 /* 4e7f0c83gy1gam2mr1b81j22tc2407wi.jpg in Resources */ = {isa = PBXBuildFile; fileRef = CE0637602A32F5F30007E511 /* 4e7f0c83gy1gam2mr1b81j22tc2407wi.jpg */; };
		CE0637B42A32F5FA0007E511 /* 76297935ly1gatz89dzblj23402c0qv6.jpg in Resources */ = {isa = PBXBuildFile; fileRef = CE0637612A32F5F30007E511 /* 76297935ly1gatz89dzblj23402c0qv6.jpg */; };
		CE0637B52A32F5FA0007E511 /* 8a0b5544gy1gauy2flua6j20u00hitab.jpg in Resources */ = {isa = PBXBuildFile; fileRef = CE0637622A32F5F30007E511 /* 8a0b5544gy1gauy2flua6j20u00hitab.jpg */; };
		CE0637B62A32F5FA0007E511 /* 4e7f0c83gy1gam2mp0x4pj22tc240u0x.jpg in Resources */ = {isa = PBXBuildFile; fileRef = CE0637632A32F5F30007E511 /* 4e7f0c83gy1gam2mp0x4pj22tc240u0x.jpg */; };
		CE0637B72A32F5FA0007E511 /* 4e7f0c83gy1gam2mjhk8zj21hc0v6wnx.jpg in Resources */ = {isa = PBXBuildFile; fileRef = CE0637642A32F5F30007E511 /* 4e7f0c83gy1gam2mjhk8zj21hc0v6wnx.jpg */; };
		CE0637B82A32F5FA0007E511 /* 9dc7402fgy1gavd38kqjtj20j60nyn1d.jpg in Resources */ = {isa = PBXBuildFile; fileRef = CE0637652A32F5F40007E511 /* 9dc7402fgy1gavd38kqjtj20j60nyn1d.jpg */; };
		CE0637B92A32F5FA0007E511 /* 4e7f0c83gy1gam2ml6nucj22tc240kjl.jpg in Resources */ = {isa = PBXBuildFile; fileRef = CE0637662A32F5F40007E511 /* 4e7f0c83gy1gam2ml6nucj22tc240kjl.jpg */; };
		CE0637BA2A32F5FA0007E511 /* 7f9147a5ly1fzxlgxgzpij20e90fltsj.jpg in Resources */ = {isa = PBXBuildFile; fileRef = CE0637672A32F5F40007E511 /* 7f9147a5ly1fzxlgxgzpij20e90fltsj.jpg */; };
		CE0637BB2A32F5FA0007E511 /* 8a0b5544gy1gauy2hcozsj20u01czdiy.jpg in Resources */ = {isa = PBXBuildFile; fileRef = CE0637682A32F5F40007E511 /* 8a0b5544gy1gauy2hcozsj20u01czdiy.jpg */; };
		CE0637BC2A32F5FA0007E511 /* 76297935ly8g4phfkq68hj20u00u0mzt.jpg in Resources */ = {isa = PBXBuildFile; fileRef = CE0637692A32F5F40007E511 /* 76297935ly8g4phfkq68hj20u00u0mzt.jpg */; };
		CE0637BD2A32F5FA0007E511 /* d0c21786ly1gavj2cowp9j20c8083ab4.jpg in Resources */ = {isa = PBXBuildFile; fileRef = CE06376A2A32F5F40007E511 /* d0c21786ly1gavj2cowp9j20c8083ab4.jpg */; };
		CE0637BE2A32F5FA0007E511 /* eb5c94aegy1gav26fycwlj20zk1h8drh.jpg in Resources */ = {isa = PBXBuildFile; fileRef = CE06376B2A32F5F50007E511 /* eb5c94aegy1gav26fycwlj20zk1h8drh.jpg */; };
		CE0637BF2A32F5FA0007E511 /* PostListData_recommend_1.json in Resources */ = {isa = PBXBuildFile; fileRef = CE06376C2A32F5F50007E511 /* PostListData_recommend_1.json */; };
		CE0637C02A32F5FA0007E511 /* 4e7f0c83ly8g1ho507078j20ro0rojtq.jpg in Resources */ = {isa = PBXBuildFile; fileRef = CE06376D2A32F5F50007E511 /* 4e7f0c83ly8g1ho507078j20ro0rojtq.jpg */; };
		CE0637C12A32F5FA0007E511 /* 8a0b5544gy1gauy2gz000j20u00n6wgj.jpg in Resources */ = {isa = PBXBuildFile; fileRef = CE06376E2A32F5F50007E511 /* 8a0b5544gy1gauy2gz000j20u00n6wgj.jpg */; };
		CE0637C22A32F5FA0007E511 /* 6ec3b446gy1gavd51jc4lj20j60pmwhl.jpg in Resources */ = {isa = PBXBuildFile; fileRef = CE06376F2A32F5F50007E511 /* 6ec3b446gy1gavd51jc4lj20j60pmwhl.jpg */; };
		CE0637C32A32F5FA0007E511 /* 8a0b5544gy1gauy2g35yoj20u00fomzf.jpg in Resources */ = {isa = PBXBuildFile; fileRef = CE0637702A32F5F50007E511 /* 8a0b5544gy1gauy2g35yoj20u00fomzf.jpg */; };
		CE0637C42A32F5FA0007E511 /* 006gWxMEly1gavap86qr9j30ht0qo40t.jpg in Resources */ = {isa = PBXBuildFile; fileRef = CE0637712A32F5F60007E511 /* 006gWxMEly1gavap86qr9j30ht0qo40t.jpg */; };
		CE0637C52A32F5FA0007E511 /* 700a34f6gy1gaunswwui7j20j60pl78e.jpg in Resources */ = {isa = PBXBuildFile; fileRef = CE0637722A32F5F60007E511 /* 700a34f6gy1gaunswwui7j20j60pl78e.jpg */; };
		CE0637C62A32F5FA0007E511 /* 700a34f6gy1gaunsx2jywj20j60pkaeu.jpg in Resources */ = {isa = PBXBuildFile; fileRef = CE0637732A32F5F60007E511 /* 700a34f6gy1gaunsx2jywj20j60pkaeu.jpg */; };
		CE0637C72A32F5FA0007E511 /* 700a34f6gy1gaunswy5qnj20j60pkadk.jpg in Resources */ = {isa = PBXBuildFile; fileRef = CE0637742A32F5F60007E511 /* 700a34f6gy1gaunswy5qnj20j60pkadk.jpg */; };
		CE0637C82A32F5FA0007E511 /* eb5c94aegy1gav25n5ibjj20zk1h8wuu.jpg in Resources */ = {isa = PBXBuildFile; fileRef = CE0637752A32F5F60007E511 /* eb5c94aegy1gav25n5ibjj20zk1h8wuu.jpg */; };
		CE0637C92A32F5FA0007E511 /* 9dc7402fgy1gavd367p0pj20j60nywic.jpg in Resources */ = {isa = PBXBuildFile; fileRef = CE0637762A32F5F60007E511 /* 9dc7402fgy1gavd367p0pj20j60nywic.jpg */; };
		CE0637CA2A32F5FA0007E511 /* 006gWxMEly1gavap8dywoj30hs0bwq48.jpg in Resources */ = {isa = PBXBuildFile; fileRef = CE0637772A32F5F70007E511 /* 006gWxMEly1gavap8dywoj30hs0bwq48.jpg */; };
		CE0637CB2A32F5FA0007E511 /* 006PdkDogy1gap6ngj12ej30u011itf7.jpg in Resources */ = {isa = PBXBuildFile; fileRef = CE0637782A32F5F70007E511 /* 006PdkDogy1gap6ngj12ej30u011itf7.jpg */; };
		CE0637CC2A32F5FA0007E511 /* 630584a6gy1gau54zyj61j20m80etn07.jpg in Resources */ = {isa = PBXBuildFile; fileRef = CE0637792A32F5F70007E511 /* 630584a6gy1gau54zyj61j20m80etn07.jpg */; };
		CE0637CD2A32F5FA0007E511 /* 4e7f0c83gy1gam2misv31j21hc0u016k.jpg in Resources */ = {isa = PBXBuildFile; fileRef = CE06377A2A32F5F70007E511 /* 4e7f0c83gy1gam2misv31j21hc0u016k.jpg */; };
		CE0637CE2A32F5FA0007E511 /* 630584a6ly8fqs5wwkkmrj20ku0kuta7.jpg in Resources */ = {isa = PBXBuildFile; fileRef = CE06377B2A32F5F70007E511 /* 630584a6ly8fqs5wwkkmrj20ku0kuta7.jpg */; };
		CE0637CF2A32F5FA0007E511 /* 9dc7402fjw1e8qgp5bmzyj2050050aa8.jpg in Resources */ = {isa = PBXBuildFile; fileRef = CE06377C2A32F5F70007E511 /* 9dc7402fjw1e8qgp5bmzyj2050050aa8.jpg */; };
		CE0637D02A32F5FA0007E511 /* 700a34f6gy1gaunsxgzixj20j60edmz8.jpg in Resources */ = {isa = PBXBuildFile; fileRef = CE06377D2A32F5F80007E511 /* 700a34f6gy1gaunsxgzixj20j60edmz8.jpg */; };
		CE0637D12A32F5FA0007E511 /* 630584a6gy1gau54zl806j20m80etmzo.jpg in Resources */ = {isa = PBXBuildFile; fileRef = CE06377E2A32F5F80007E511 /* 630584a6gy1gau54zl806j20m80etmzo.jpg */; };
		CE0637D22A32F5FA0007E511 /* 006gWxMEly1gavap88gttj30hs0a0dgf.jpg in Resources */ = {isa = PBXBuildFile; fileRef = CE06377F2A32F5F80007E511 /* 006gWxMEly1gavap88gttj30hs0a0dgf.jpg */; };
		CE0637D32A32F5FA0007E511 /* c5aa834fgy1gauzr8ok78j20tz12fk8w.jpg in Resources */ = {isa = PBXBuildFile; fileRef = CE0637802A32F5F80007E511 /* c5aa834fgy1gauzr8ok78j20tz12fk8w.jpg */; };
		CE0637D42A32F5FA0007E511 /* d0c21786ly1gavj2c0kcej20c8096dh7.jpg in Resources */ = {isa = PBXBuildFile; fileRef = CE0637812A32F5F80007E511 /* d0c21786ly1gavj2c0kcej20c8096dh7.jpg */; };
		CE0637D52A32F5FA0007E511 /* bca7fdafly1gax1gqd9vmj20c80ayaam.jpg in Resources */ = {isa = PBXBuildFile; fileRef = CE0637822A32F5F90007E511 /* bca7fdafly1gax1gqd9vmj20c80ayaam.jpg */; };
		CE0637D62A32F5FA0007E511 /* 8a0b5544jw1e8qgp5bmzyj2050050aa8.jpg in Resources */ = {isa = PBXBuildFile; fileRef = CE0637832A32F5F90007E511 /* 8a0b5544jw1e8qgp5bmzyj2050050aa8.jpg */; };
		CE0637D72A32F5FA0007E511 /* d0c21786ly1gavj2d17d9j20c808zq3r.jpg in Resources */ = {isa = PBXBuildFile; fileRef = CE0637842A32F5F90007E511 /* d0c21786ly1gavj2d17d9j20c808zq3r.jpg */; };
		CE0637D82A32F5FA0007E511 /* bca7fdafly1gax1gqfgsjj20c80axaay.jpg in Resources */ = {isa = PBXBuildFile; fileRef = CE0637852A32F5F90007E511 /* bca7fdafly1gax1gqfgsjj20c80axaay.jpg */; };
		CE0637D92A32F5FA0007E511 /* 700a34f6gy1gaunsxhp4pj20j60pkn1k.jpg in Resources */ = {isa = PBXBuildFile; fileRef = CE0637862A32F5F90007E511 /* 700a34f6gy1gaunsxhp4pj20j60pkn1k.jpg */; };
		CE0637DA2A32F5FA0007E511 /* bca7fdafly1gax1gqdhouj20c80axaam.jpg in Resources */ = {isa = PBXBuildFile; fileRef = CE0637872A32F5F90007E511 /* bca7fdafly1gax1gqdhouj20c80axaam.jpg */; };
		CE0637DB2A32F5FA0007E511 /* c5aa834fgy1gauzr86bp5j20pb0w47in.jpg in Resources */ = {isa = PBXBuildFile; fileRef = CE0637882A32F5FA0007E511 /* c5aa834fgy1gauzr86bp5j20pb0w47in.jpg */; };
		CE0637DC2A32F5FA0007E511 /* c5aa834fgy1gauzr95r6fj20tw0l3dq4.jpg in Resources */ = {isa = PBXBuildFile; fileRef = CE0637892A32F5FA0007E511 /* c5aa834fgy1gauzr95r6fj20tw0l3dq4.jpg */; };
		CE0637DE2A32FEDF0007E511 /* PostCellToolbarButton.swift in Sources */ = {isa = PBXBuildFile; fileRef = CE0637DD2A32FEDF0007E511 /* PostCellToolbarButton.swift */; };
		CE0637E02A3303030007E511 /* PostListView.swift in Sources */ = {isa = PBXBuildFile; fileRef = CE0637DF2A3303030007E511 /* PostListView.swift */; };
		CE0637E22A330E8D0007E511 /* PostImageCell.swift in Sources */ = {isa = PBXBuildFile; fileRef = CE0637E12A330E8D0007E511 /* PostImageCell.swift */; };
/* End PBXBuildFile section */

/* Begin PBXFileReference section */
		CE06371E2A32C8B80007E511 /* WeiBoSwiftUI.app */ = {isa = PBXFileReference; explicitFileType = wrapper.application; includeInIndex = 0; path = WeiBoSwiftUI.app; sourceTree = BUILT_PRODUCTS_DIR; };
		CE0637212A32C8B80007E511 /* WeiBoSwiftUIApp.swift */ = {isa = PBXFileReference; lastKnownFileType = sourcecode.swift; path = WeiBoSwiftUIApp.swift; sourceTree = "<group>"; };
		CE0637232A32C8B80007E511 /* ContentView.swift */ = {isa = PBXFileReference; lastKnownFileType = sourcecode.swift; path = ContentView.swift; sourceTree = "<group>"; };
		CE0637252A32C8B90007E511 /* Assets.xcassets */ = {isa = PBXFileReference; lastKnownFileType = folder.assetcatalog; path = Assets.xcassets; sourceTree = "<group>"; };
		CE0637282A32C8B90007E511 /* Preview Assets.xcassets */ = {isa = PBXFileReference; lastKnownFileType = folder.assetcatalog; path = "Preview Assets.xcassets"; sourceTree = "<group>"; };
		CE06372F2A32CEE40007E511 /* PostCell.swift */ = {isa = PBXFileReference; lastKnownFileType = sourcecode.swift; path = PostCell.swift; sourceTree = "<group>"; };
		CE0637312A32D4750007E511 /* PostVIPBadge.swift */ = {isa = PBXFileReference; lastKnownFileType = sourcecode.swift; path = PostVIPBadge.swift; sourceTree = "<group>"; };
		CE0637332A32E54E0007E511 /* Post.swift */ = {isa = PBXFileReference; lastKnownFileType = sourcecode.swift; path = Post.swift; sourceTree = "<group>"; };
		CE0637372A32F5EC0007E511 /* 700a34f6ly8g9a29rjt92j20fn0iqdg8.jpg */ = {isa = PBXFileReference; lastKnownFileType = image.jpeg; path = 700a34f6ly8g9a29rjt92j20fn0iqdg8.jpg; sourceTree = "<group>"; };
		CE0637382A32F5EC0007E511 /* 006PdkDogy1gap6ngiyn3j30u011idle.jpg */ = {isa = PBXFileReference; lastKnownFileType = image.jpeg; path = 006PdkDogy1gap6ngiyn3j30u011idle.jpg; sourceTree = "<group>"; };
		CE0637392A32F5EC0007E511 /* 9dc7402fgy1gavd37l9nwj20j60ny44q.jpg */ = {isa = PBXFileReference; lastKnownFileType = image.jpeg; path = 9dc7402fgy1gavd37l9nwj20j60ny44q.jpg; sourceTree = "<group>"; };
		CE06373A2A32F5EC0007E511 /* bca7fdafly1gax1gqdg6qj20c80avdgl.jpg */ = {isa = PBXFileReference; lastKnownFileType = image.jpeg; path = bca7fdafly1gax1gqdg6qj20c80avdgl.jpg; sourceTree = "<group>"; };
		CE06373B2A32F5ED0007E511 /* 7f9147a5ly1fzxlh4ovuej20e90fl4fo.jpg */ = {isa = PBXFileReference; lastKnownFileType = image.jpeg; path = 7f9147a5ly1fzxlh4ovuej20e90fl4fo.jpg; sourceTree = "<group>"; };
		CE06373C2A32F5ED0007E511 /* 6ec3b446gy1gavd4xud8lj20j60qkwj0.jpg */ = {isa = PBXFileReference; lastKnownFileType = image.jpeg; path = 6ec3b446gy1gavd4xud8lj20j60qkwj0.jpg; sourceTree = "<group>"; };
		CE06373D2A32F5ED0007E511 /* 8697cf1ely8gashxj3b09j20u00u040v.jpg */ = {isa = PBXFileReference; lastKnownFileType = image.jpeg; path = 8697cf1ely8gashxj3b09j20u00u040v.jpg; sourceTree = "<group>"; };
		CE06373E2A32F5ED0007E511 /* bca7fdafly1gax1gqehdaj20c80atq3x.jpg */ = {isa = PBXFileReference; lastKnownFileType = image.jpeg; path = bca7fdafly1gax1gqehdaj20c80atq3x.jpg; sourceTree = "<group>"; };
		CE06373F2A32F5ED0007E511 /* 630584a6gy1gau54zm4dtj20m80dftbv.jpg */ = {isa = PBXFileReference; lastKnownFileType = image.jpeg; path = 630584a6gy1gau54zm4dtj20m80dftbv.jpg; sourceTree = "<group>"; };
		CE0637402A32F5ED0007E511 /* eb5c94aegy1gav2509cp5j20zk0k0n2j.jpg */ = {isa = PBXFileReference; lastKnownFileType = image.jpeg; path = eb5c94aegy1gav2509cp5j20zk0k0n2j.jpg; sourceTree = "<group>"; };
		CE0637412A32F5EE0007E511 /* eb5c94aely8fmvumnl9baj20v90v9q49.jpg */ = {isa = PBXFileReference; lastKnownFileType = image.jpeg; path = eb5c94aely8fmvumnl9baj20v90v9q49.jpg; sourceTree = "<group>"; };
		CE0637422A32F5EE0007E511 /* d0c21786ly8fsax1ftiifj20ro0ro43g.jpg */ = {isa = PBXFileReference; lastKnownFileType = image.jpeg; path = d0c21786ly8fsax1ftiifj20ro0ro43g.jpg; sourceTree = "<group>"; };
		CE0637432A32F5EE0007E511 /* bca7fdafly1gax1gqdnboj20c80atmxp.jpg */ = {isa = PBXFileReference; lastKnownFileType = image.jpeg; path = bca7fdafly1gax1gqdnboj20c80atmxp.jpg; sourceTree = "<group>"; };
		CE0637442A32F5EE0007E511 /* eb5c94aegy1gav25ox6dvj20u00k1go9.jpg */ = {isa = PBXFileReference; lastKnownFileType = image.jpeg; path = eb5c94aegy1gav25ox6dvj20u00k1go9.jpg; sourceTree = "<group>"; };
		CE0637452A32F5EE0007E511 /* 648ed25bjw8est9nqrtnij20500503yr.jpg */ = {isa = PBXFileReference; lastKnownFileType = image.jpeg; path = 648ed25bjw8est9nqrtnij20500503yr.jpg; sourceTree = "<group>"; };
		CE0637462A32F5EE0007E511 /* 4e7f0c83gy1gam2mn58d3j22tc240qv5.jpg */ = {isa = PBXFileReference; lastKnownFileType = image.jpeg; path = 4e7f0c83gy1gam2mn58d3j22tc240qv5.jpg; sourceTree = "<group>"; };
		CE0637472A32F5EF0007E511 /* 8a0b5544gy1gauy2ex786j20u0129aed.jpg */ = {isa = PBXFileReference; lastKnownFileType = image.jpeg; path = 8a0b5544gy1gauy2ex786j20u0129aed.jpg; sourceTree = "<group>"; };
		CE0637482A32F5EF0007E511 /* 6a2afec3jw8fb4ld0qf2gj20e80dsdfz.jpg */ = {isa = PBXFileReference; lastKnownFileType = image.jpeg; path = 6a2afec3jw8fb4ld0qf2gj20e80dsdfz.jpg; sourceTree = "<group>"; };
		CE0637492A32F5EF0007E511 /* 005tnxzUly8gab4i2r73xj30u00u0js8.jpg */ = {isa = PBXFileReference; lastKnownFileType = image.jpeg; path = 005tnxzUly8gab4i2r73xj30u00u0js8.jpg; sourceTree = "<group>"; };
		CE06374A2A32F5EF0007E511 /* 9dc7402fgy1gavd39ba15j20j60nywii.jpg */ = {isa = PBXFileReference; lastKnownFileType = image.jpeg; path = 9dc7402fgy1gavd39ba15j20j60nywii.jpg; sourceTree = "<group>"; };
		CE06374B2A32F5EF0007E511 /* 76297935ly1gatz8k5itij22c02c01ky.jpg */ = {isa = PBXFileReference; lastKnownFileType = image.jpeg; path = 76297935ly1gatz8k5itij22c02c01ky.jpg; sourceTree = "<group>"; };
		CE06374C2A32F5EF0007E511 /* 6ec3b446gy1gavd523embj20j60pytd6.jpg */ = {isa = PBXFileReference; lastKnownFileType = image.jpeg; path = 6ec3b446gy1gavd523embj20j60pytd6.jpg; sourceTree = "<group>"; };
		CE06374D2A32F5F00007E511 /* 6ec3b446jw1e8qgp5bmzyj2050050aa8.jpg */ = {isa = PBXFileReference; lastKnownFileType = image.jpeg; path = 6ec3b446jw1e8qgp5bmzyj2050050aa8.jpg; sourceTree = "<group>"; };
		CE06374E2A32F5F00007E511 /* c5aa834fgy1gauzr6venkj20u01hc12f.jpg */ = {isa = PBXFileReference; lastKnownFileType = image.jpeg; path = c5aa834fgy1gauzr6venkj20u01hc12f.jpg; sourceTree = "<group>"; };
		CE06374F2A32F5F00007E511 /* c5aa834fly8g97m8ix9lcj20re0regnk.jpg */ = {isa = PBXFileReference; lastKnownFileType = image.jpeg; path = c5aa834fly8g97m8ix9lcj20re0regnk.jpg; sourceTree = "<group>"; };
		CE0637502A32F5F00007E511 /* 006PdkDoly8ffywe2fq39j304g04gwed.jpg */ = {isa = PBXFileReference; lastKnownFileType = image.jpeg; path = 006PdkDoly8ffywe2fq39j304g04gwed.jpg; sourceTree = "<group>"; };
		CE0637512A32F5F00007E511 /* 76297935ly1gatz8obqvkj22c0340npe.jpg */ = {isa = PBXFileReference; lastKnownFileType = image.jpeg; path = 76297935ly1gatz8obqvkj22c0340npe.jpg; sourceTree = "<group>"; };
		CE0637522A32F5F00007E511 /* d0c21786ly1gavj2btv6tj20c80790tg.jpg */ = {isa = PBXFileReference; lastKnownFileType = image.jpeg; path = d0c21786ly1gavj2btv6tj20c80790tg.jpg; sourceTree = "<group>"; };
		CE0637532A32F5F10007E511 /* 8a0b5544gy1gauy2gmkg9j20u00gegnp.jpg */ = {isa = PBXFileReference; lastKnownFileType = image.jpeg; path = 8a0b5544gy1gauy2gmkg9j20u00gegnp.jpg; sourceTree = "<group>"; };
		CE0637542A32F5F10007E511 /* 7f9147a5ly1fzxlh6hzdnj20e90fl7me.jpg */ = {isa = PBXFileReference; lastKnownFileType = image.jpeg; path = 7f9147a5ly1fzxlh6hzdnj20e90fl7me.jpg; sourceTree = "<group>"; };
		CE0637552A32F5F10007E511 /* bca7fdafgw1ekhkps65b1j2050050dg4.jpg */ = {isa = PBXFileReference; lastKnownFileType = image.jpeg; path = bca7fdafgw1ekhkps65b1j2050050dg4.jpg; sourceTree = "<group>"; };
		CE0637562A32F5F10007E511 /* 006gWxMEly1gavap8vsqaj30hs0bwgm6.jpg */ = {isa = PBXFileReference; lastKnownFileType = image.jpeg; path = 006gWxMEly1gavap8vsqaj30hs0bwgm6.jpg; sourceTree = "<group>"; };
		CE0637572A32F5F10007E511 /* d0c21786ly1gavj2cdrkyj20c80720tg.jpg */ = {isa = PBXFileReference; lastKnownFileType = image.jpeg; path = d0c21786ly1gavj2cdrkyj20c80720tg.jpg; sourceTree = "<group>"; };
		CE0637582A32F5F10007E511 /* PostListData_hot_1.json */ = {isa = PBXFileReference; fileEncoding = 4; lastKnownFileType = text.json; path = PostListData_hot_1.json; sourceTree = "<group>"; };
		CE0637592A32F5F20007E511 /* 6a2afec3gy1gaulykcejqj20t5145wns.jpg */ = {isa = PBXFileReference; lastKnownFileType = image.jpeg; path = 6a2afec3gy1gaulykcejqj20t5145wns.jpg; sourceTree = "<group>"; };
		CE06375A2A32F5F20007E511 /* 9dc7402fgy1gavd38wwlrj20j60nyq6y.jpg */ = {isa = PBXFileReference; lastKnownFileType = image.jpeg; path = 9dc7402fgy1gavd38wwlrj20j60nyq6y.jpg; sourceTree = "<group>"; };
		CE06375B2A32F5F20007E511 /* 006gWxMEly8g0bjpl3ynij30kv0kv773.jpg */ = {isa = PBXFileReference; lastKnownFileType = image.jpeg; path = 006gWxMEly8g0bjpl3ynij30kv0kv773.jpg; sourceTree = "<group>"; };
		CE06375C2A32F5F20007E511 /* 700a34f6gy1gaunswxtlrj20j60pkgok.jpg */ = {isa = PBXFileReference; lastKnownFileType = image.jpeg; path = 700a34f6gy1gaunswxtlrj20j60pkgok.jpg; sourceTree = "<group>"; };
		CE06375D2A32F5F20007E511 /* 76297935ly1gatz8g5rvxj22c03401kz.jpg */ = {isa = PBXFileReference; lastKnownFileType = image.jpeg; path = 76297935ly1gatz8g5rvxj22c03401kz.jpg; sourceTree = "<group>"; };
		CE06375E2A32F5F20007E511 /* 630584a6gy1gau54zgaxhj20m80et0vq.jpg */ = {isa = PBXFileReference; lastKnownFileType = image.jpeg; path = 630584a6gy1gau54zgaxhj20m80et0vq.jpg; sourceTree = "<group>"; };
		CE06375F2A32F5F30007E511 /* c5aa834fgy1gauzrb7s5ej20tz13qh5x.jpg */ = {isa = PBXFileReference; lastKnownFileType = image.jpeg; path = c5aa834fgy1gauzrb7s5ej20tz13qh5x.jpg; sourceTree = "<group>"; };
		CE0637602A32F5F30007E511 /* 4e7f0c83gy1gam2mr1b81j22tc2407wi.jpg */ = {isa = PBXFileReference; lastKnownFileType = image.jpeg; path = 4e7f0c83gy1gam2mr1b81j22tc2407wi.jpg; sourceTree = "<group>"; };
		CE0637612A32F5F30007E511 /* 76297935ly1gatz89dzblj23402c0qv6.jpg */ = {isa = PBXFileReference; lastKnownFileType = image.jpeg; path = 76297935ly1gatz89dzblj23402c0qv6.jpg; sourceTree = "<group>"; };
		CE0637622A32F5F30007E511 /* 8a0b5544gy1gauy2flua6j20u00hitab.jpg */ = {isa = PBXFileReference; lastKnownFileType = image.jpeg; path = 8a0b5544gy1gauy2flua6j20u00hitab.jpg; sourceTree = "<group>"; };
		CE0637632A32F5F30007E511 /* 4e7f0c83gy1gam2mp0x4pj22tc240u0x.jpg */ = {isa = PBXFileReference; lastKnownFileType = image.jpeg; path = 4e7f0c83gy1gam2mp0x4pj22tc240u0x.jpg; sourceTree = "<group>"; };
		CE0637642A32F5F30007E511 /* 4e7f0c83gy1gam2mjhk8zj21hc0v6wnx.jpg */ = {isa = PBXFileReference; lastKnownFileType = image.jpeg; path = 4e7f0c83gy1gam2mjhk8zj21hc0v6wnx.jpg; sourceTree = "<group>"; };
		CE0637652A32F5F40007E511 /* 9dc7402fgy1gavd38kqjtj20j60nyn1d.jpg */ = {isa = PBXFileReference; lastKnownFileType = image.jpeg; path = 9dc7402fgy1gavd38kqjtj20j60nyn1d.jpg; sourceTree = "<group>"; };
		CE0637662A32F5F40007E511 /* 4e7f0c83gy1gam2ml6nucj22tc240kjl.jpg */ = {isa = PBXFileReference; lastKnownFileType = image.jpeg; path = 4e7f0c83gy1gam2ml6nucj22tc240kjl.jpg; sourceTree = "<group>"; };
		CE0637672A32F5F40007E511 /* 7f9147a5ly1fzxlgxgzpij20e90fltsj.jpg */ = {isa = PBXFileReference; lastKnownFileType = image.jpeg; path = 7f9147a5ly1fzxlgxgzpij20e90fltsj.jpg; sourceTree = "<group>"; };
		CE0637682A32F5F40007E511 /* 8a0b5544gy1gauy2hcozsj20u01czdiy.jpg */ = {isa = PBXFileReference; lastKnownFileType = image.jpeg; path = 8a0b5544gy1gauy2hcozsj20u01czdiy.jpg; sourceTree = "<group>"; };
		CE0637692A32F5F40007E511 /* 76297935ly8g4phfkq68hj20u00u0mzt.jpg */ = {isa = PBXFileReference; lastKnownFileType = image.jpeg; path = 76297935ly8g4phfkq68hj20u00u0mzt.jpg; sourceTree = "<group>"; };
		CE06376A2A32F5F40007E511 /* d0c21786ly1gavj2cowp9j20c8083ab4.jpg */ = {isa = PBXFileReference; lastKnownFileType = image.jpeg; path = d0c21786ly1gavj2cowp9j20c8083ab4.jpg; sourceTree = "<group>"; };
		CE06376B2A32F5F50007E511 /* eb5c94aegy1gav26fycwlj20zk1h8drh.jpg */ = {isa = PBXFileReference; lastKnownFileType = image.jpeg; path = eb5c94aegy1gav26fycwlj20zk1h8drh.jpg; sourceTree = "<group>"; };
		CE06376C2A32F5F50007E511 /* PostListData_recommend_1.json */ = {isa = PBXFileReference; fileEncoding = 4; lastKnownFileType = text.json; path = PostListData_recommend_1.json; sourceTree = "<group>"; };
		CE06376D2A32F5F50007E511 /* 4e7f0c83ly8g1ho507078j20ro0rojtq.jpg */ = {isa = PBXFileReference; lastKnownFileType = image.jpeg; path = 4e7f0c83ly8g1ho507078j20ro0rojtq.jpg; sourceTree = "<group>"; };
		CE06376E2A32F5F50007E511 /* 8a0b5544gy1gauy2gz000j20u00n6wgj.jpg */ = {isa = PBXFileReference; lastKnownFileType = image.jpeg; path = 8a0b5544gy1gauy2gz000j20u00n6wgj.jpg; sourceTree = "<group>"; };
		CE06376F2A32F5F50007E511 /* 6ec3b446gy1gavd51jc4lj20j60pmwhl.jpg */ = {isa = PBXFileReference; lastKnownFileType = image.jpeg; path = 6ec3b446gy1gavd51jc4lj20j60pmwhl.jpg; sourceTree = "<group>"; };
		CE0637702A32F5F50007E511 /* 8a0b5544gy1gauy2g35yoj20u00fomzf.jpg */ = {isa = PBXFileReference; lastKnownFileType = image.jpeg; path = 8a0b5544gy1gauy2g35yoj20u00fomzf.jpg; sourceTree = "<group>"; };
		CE0637712A32F5F60007E511 /* 006gWxMEly1gavap86qr9j30ht0qo40t.jpg */ = {isa = PBXFileReference; lastKnownFileType = image.jpeg; path = 006gWxMEly1gavap86qr9j30ht0qo40t.jpg; sourceTree = "<group>"; };
		CE0637722A32F5F60007E511 /* 700a34f6gy1gaunswwui7j20j60pl78e.jpg */ = {isa = PBXFileReference; lastKnownFileType = image.jpeg; path = 700a34f6gy1gaunswwui7j20j60pl78e.jpg; sourceTree = "<group>"; };
		CE0637732A32F5F60007E511 /* 700a34f6gy1gaunsx2jywj20j60pkaeu.jpg */ = {isa = PBXFileReference; lastKnownFileType = image.jpeg; path = 700a34f6gy1gaunsx2jywj20j60pkaeu.jpg; sourceTree = "<group>"; };
		CE0637742A32F5F60007E511 /* 700a34f6gy1gaunswy5qnj20j60pkadk.jpg */ = {isa = PBXFileReference; lastKnownFileType = image.jpeg; path = 700a34f6gy1gaunswy5qnj20j60pkadk.jpg; sourceTree = "<group>"; };
		CE0637752A32F5F60007E511 /* eb5c94aegy1gav25n5ibjj20zk1h8wuu.jpg */ = {isa = PBXFileReference; lastKnownFileType = image.jpeg; path = eb5c94aegy1gav25n5ibjj20zk1h8wuu.jpg; sourceTree = "<group>"; };
		CE0637762A32F5F60007E511 /* 9dc7402fgy1gavd367p0pj20j60nywic.jpg */ = {isa = PBXFileReference; lastKnownFileType = image.jpeg; path = 9dc7402fgy1gavd367p0pj20j60nywic.jpg; sourceTree = "<group>"; };
		CE0637772A32F5F70007E511 /* 006gWxMEly1gavap8dywoj30hs0bwq48.jpg */ = {isa = PBXFileReference; lastKnownFileType = image.jpeg; path = 006gWxMEly1gavap8dywoj30hs0bwq48.jpg; sourceTree = "<group>"; };
		CE0637782A32F5F70007E511 /* 006PdkDogy1gap6ngj12ej30u011itf7.jpg */ = {isa = PBXFileReference; lastKnownFileType = image.jpeg; path = 006PdkDogy1gap6ngj12ej30u011itf7.jpg; sourceTree = "<group>"; };
		CE0637792A32F5F70007E511 /* 630584a6gy1gau54zyj61j20m80etn07.jpg */ = {isa = PBXFileReference; lastKnownFileType = image.jpeg; path = 630584a6gy1gau54zyj61j20m80etn07.jpg; sourceTree = "<group>"; };
		CE06377A2A32F5F70007E511 /* 4e7f0c83gy1gam2misv31j21hc0u016k.jpg */ = {isa = PBXFileReference; lastKnownFileType = image.jpeg; path = 4e7f0c83gy1gam2misv31j21hc0u016k.jpg; sourceTree = "<group>"; };
		CE06377B2A32F5F70007E511 /* 630584a6ly8fqs5wwkkmrj20ku0kuta7.jpg */ = {isa = PBXFileReference; lastKnownFileType = image.jpeg; path = 630584a6ly8fqs5wwkkmrj20ku0kuta7.jpg; sourceTree = "<group>"; };
		CE06377C2A32F5F70007E511 /* 9dc7402fjw1e8qgp5bmzyj2050050aa8.jpg */ = {isa = PBXFileReference; lastKnownFileType = image.jpeg; path = 9dc7402fjw1e8qgp5bmzyj2050050aa8.jpg; sourceTree = "<group>"; };
		CE06377D2A32F5F80007E511 /* 700a34f6gy1gaunsxgzixj20j60edmz8.jpg */ = {isa = PBXFileReference; lastKnownFileType = image.jpeg; path = 700a34f6gy1gaunsxgzixj20j60edmz8.jpg; sourceTree = "<group>"; };
		CE06377E2A32F5F80007E511 /* 630584a6gy1gau54zl806j20m80etmzo.jpg */ = {isa = PBXFileReference; lastKnownFileType = image.jpeg; path = 630584a6gy1gau54zl806j20m80etmzo.jpg; sourceTree = "<group>"; };
		CE06377F2A32F5F80007E511 /* 006gWxMEly1gavap88gttj30hs0a0dgf.jpg */ = {isa = PBXFileReference; lastKnownFileType = image.jpeg; path = 006gWxMEly1gavap88gttj30hs0a0dgf.jpg; sourceTree = "<group>"; };
		CE0637802A32F5F80007E511 /* c5aa834fgy1gauzr8ok78j20tz12fk8w.jpg */ = {isa = PBXFileReference; lastKnownFileType = image.jpeg; path = c5aa834fgy1gauzr8ok78j20tz12fk8w.jpg; sourceTree = "<group>"; };
		CE0637812A32F5F80007E511 /* d0c21786ly1gavj2c0kcej20c8096dh7.jpg */ = {isa = PBXFileReference; lastKnownFileType = image.jpeg; path = d0c21786ly1gavj2c0kcej20c8096dh7.jpg; sourceTree = "<group>"; };
		CE0637822A32F5F90007E511 /* bca7fdafly1gax1gqd9vmj20c80ayaam.jpg */ = {isa = PBXFileReference; lastKnownFileType = image.jpeg; path = bca7fdafly1gax1gqd9vmj20c80ayaam.jpg; sourceTree = "<group>"; };
		CE0637832A32F5F90007E511 /* 8a0b5544jw1e8qgp5bmzyj2050050aa8.jpg */ = {isa = PBXFileReference; lastKnownFileType = image.jpeg; path = 8a0b5544jw1e8qgp5bmzyj2050050aa8.jpg; sourceTree = "<group>"; };
		CE0637842A32F5F90007E511 /* d0c21786ly1gavj2d17d9j20c808zq3r.jpg */ = {isa = PBXFileReference; lastKnownFileType = image.jpeg; path = d0c21786ly1gavj2d17d9j20c808zq3r.jpg; sourceTree = "<group>"; };
		CE0637852A32F5F90007E511 /* bca7fdafly1gax1gqfgsjj20c80axaay.jpg */ = {isa = PBXFileReference; lastKnownFileType = image.jpeg; path = bca7fdafly1gax1gqfgsjj20c80axaay.jpg; sourceTree = "<group>"; };
		CE0637862A32F5F90007E511 /* 700a34f6gy1gaunsxhp4pj20j60pkn1k.jpg */ = {isa = PBXFileReference; lastKnownFileType = image.jpeg; path = 700a34f6gy1gaunsxhp4pj20j60pkn1k.jpg; sourceTree = "<group>"; };
		CE0637872A32F5F90007E511 /* bca7fdafly1gax1gqdhouj20c80axaam.jpg */ = {isa = PBXFileReference; lastKnownFileType = image.jpeg; path = bca7fdafly1gax1gqdhouj20c80axaam.jpg; sourceTree = "<group>"; };
		CE0637882A32F5FA0007E511 /* c5aa834fgy1gauzr86bp5j20pb0w47in.jpg */ = {isa = PBXFileReference; lastKnownFileType = image.jpeg; path = c5aa834fgy1gauzr86bp5j20pb0w47in.jpg; sourceTree = "<group>"; };
		CE0637892A32F5FA0007E511 /* c5aa834fgy1gauzr95r6fj20tw0l3dq4.jpg */ = {isa = PBXFileReference; lastKnownFileType = image.jpeg; path = c5aa834fgy1gauzr95r6fj20tw0l3dq4.jpg; sourceTree = "<group>"; };
		CE0637DD2A32FEDF0007E511 /* PostCellToolbarButton.swift */ = {isa = PBXFileReference; lastKnownFileType = sourcecode.swift; path = PostCellToolbarButton.swift; sourceTree = "<group>"; };
		CE0637DF2A3303030007E511 /* PostListView.swift */ = {isa = PBXFileReference; lastKnownFileType = sourcecode.swift; path = PostListView.swift; sourceTree = "<group>"; };
		CE0637E12A330E8D0007E511 /* PostImageCell.swift */ = {isa = PBXFileReference; lastKnownFileType = sourcecode.swift; path = PostImageCell.swift; sourceTree = "<group>"; };
/* End PBXFileReference section */

/* Begin PBXFrameworksBuildPhase section */
		CE06371B2A32C8B80007E511 /* Frameworks */ = {
			isa = PBXFrameworksBuildPhase;
			buildActionMask = 2147483647;
			files = (
			);
			runOnlyForDeploymentPostprocessing = 0;
		};
/* End PBXFrameworksBuildPhase section */

/* Begin PBXGroup section */
		CE0637152A32C8B80007E511 = {
			isa = PBXGroup;
			children = (
				CE0637202A32C8B80007E511 /* WeiBoSwiftUI */,
				CE06371F2A32C8B80007E511 /* Products */,
			);
			sourceTree = "<group>";
		};
		CE06371F2A32C8B80007E511 /* Products */ = {
			isa = PBXGroup;
			children = (
				CE06371E2A32C8B80007E511 /* WeiBoSwiftUI.app */,
			);
			name = Products;
			sourceTree = "<group>";
		};
		CE0637202A32C8B80007E511 /* WeiBoSwiftUI */ = {
			isa = PBXGroup;
			children = (
				CE0637352A32F4810007E511 /* Resources */,
				CE0637312A32D4750007E511 /* PostVIPBadge.swift */,
				CE06372F2A32CEE40007E511 /* PostCell.swift */,
				CE0637332A32E54E0007E511 /* Post.swift */,
				CE0637DD2A32FEDF0007E511 /* PostCellToolbarButton.swift */,
				CE0637212A32C8B80007E511 /* WeiBoSwiftUIApp.swift */,
				CE0637232A32C8B80007E511 /* ContentView.swift */,
				CE0637252A32C8B90007E511 /* Assets.xcassets */,
				CE0637272A32C8B90007E511 /* Preview Content */,
				CE0637DF2A3303030007E511 /* PostListView.swift */,
				CE0637E12A330E8D0007E511 /* PostImageCell.swift */,
			);
			path = WeiBoSwiftUI;
			sourceTree = "<group>";
		};
		CE0637272A32C8B90007E511 /* Preview Content */ = {
			isa = PBXGroup;
			children = (
				CE0637282A32C8B90007E511 /* Preview Assets.xcassets */,
			);
			path = "Preview Content";
			sourceTree = "<group>";
		};
		CE0637352A32F4810007E511 /* Resources */ = {
			isa = PBXGroup;
			children = (
				CE06377A2A32F5F70007E511 /* 4e7f0c83gy1gam2misv31j21hc0u016k.jpg */,
				CE0637642A32F5F30007E511 /* 4e7f0c83gy1gam2mjhk8zj21hc0v6wnx.jpg */,
				CE0637662A32F5F40007E511 /* 4e7f0c83gy1gam2ml6nucj22tc240kjl.jpg */,
				CE0637462A32F5EE0007E511 /* 4e7f0c83gy1gam2mn58d3j22tc240qv5.jpg */,
				CE0637632A32F5F30007E511 /* 4e7f0c83gy1gam2mp0x4pj22tc240u0x.jpg */,
				CE0637602A32F5F30007E511 /* 4e7f0c83gy1gam2mr1b81j22tc2407wi.jpg */,
				CE06376D2A32F5F50007E511 /* 4e7f0c83ly8g1ho507078j20ro0rojtq.jpg */,
				CE0637492A32F5EF0007E511 /* 005tnxzUly8gab4i2r73xj30u00u0js8.jpg */,
				CE0637592A32F5F20007E511 /* 6a2afec3gy1gaulykcejqj20t5145wns.jpg */,
				CE0637482A32F5EF0007E511 /* 6a2afec3jw8fb4ld0qf2gj20e80dsdfz.jpg */,
				CE06373C2A32F5ED0007E511 /* 6ec3b446gy1gavd4xud8lj20j60qkwj0.jpg */,
				CE06376F2A32F5F50007E511 /* 6ec3b446gy1gavd51jc4lj20j60pmwhl.jpg */,
				CE06374C2A32F5EF0007E511 /* 6ec3b446gy1gavd523embj20j60pytd6.jpg */,
				CE06374D2A32F5F00007E511 /* 6ec3b446jw1e8qgp5bmzyj2050050aa8.jpg */,
				CE0637772A32F5F70007E511 /* 006gWxMEly1gavap8dywoj30hs0bwq48.jpg */,
				CE0637562A32F5F10007E511 /* 006gWxMEly1gavap8vsqaj30hs0bwgm6.jpg */,
				CE0637712A32F5F60007E511 /* 006gWxMEly1gavap86qr9j30ht0qo40t.jpg */,
				CE06377F2A32F5F80007E511 /* 006gWxMEly1gavap88gttj30hs0a0dgf.jpg */,
				CE06375B2A32F5F20007E511 /* 006gWxMEly8g0bjpl3ynij30kv0kv773.jpg */,
				CE0637382A32F5EC0007E511 /* 006PdkDogy1gap6ngiyn3j30u011idle.jpg */,
				CE0637782A32F5F70007E511 /* 006PdkDogy1gap6ngj12ej30u011itf7.jpg */,
				CE0637502A32F5F00007E511 /* 006PdkDoly8ffywe2fq39j304g04gwed.jpg */,
				CE0637672A32F5F40007E511 /* 7f9147a5ly1fzxlgxgzpij20e90fltsj.jpg */,
				CE06373B2A32F5ED0007E511 /* 7f9147a5ly1fzxlh4ovuej20e90fl4fo.jpg */,
				CE0637542A32F5F10007E511 /* 7f9147a5ly1fzxlh6hzdnj20e90fl7me.jpg */,
				CE0637472A32F5EF0007E511 /* 8a0b5544gy1gauy2ex786j20u0129aed.jpg */,
				CE0637622A32F5F30007E511 /* 8a0b5544gy1gauy2flua6j20u00hitab.jpg */,
				CE0637702A32F5F50007E511 /* 8a0b5544gy1gauy2g35yoj20u00fomzf.jpg */,
				CE0637532A32F5F10007E511 /* 8a0b5544gy1gauy2gmkg9j20u00gegnp.jpg */,
				CE06376E2A32F5F50007E511 /* 8a0b5544gy1gauy2gz000j20u00n6wgj.jpg */,
				CE0637682A32F5F40007E511 /* 8a0b5544gy1gauy2hcozsj20u01czdiy.jpg */,
				CE0637832A32F5F90007E511 /* 8a0b5544jw1e8qgp5bmzyj2050050aa8.jpg */,
				CE0637392A32F5EC0007E511 /* 9dc7402fgy1gavd37l9nwj20j60ny44q.jpg */,
				CE0637652A32F5F40007E511 /* 9dc7402fgy1gavd38kqjtj20j60nyn1d.jpg */,
				CE06375A2A32F5F20007E511 /* 9dc7402fgy1gavd38wwlrj20j60nyq6y.jpg */,
				CE06374A2A32F5EF0007E511 /* 9dc7402fgy1gavd39ba15j20j60nywii.jpg */,
				CE0637762A32F5F60007E511 /* 9dc7402fgy1gavd367p0pj20j60nywic.jpg */,
				CE06377C2A32F5F70007E511 /* 9dc7402fjw1e8qgp5bmzyj2050050aa8.jpg */,
				CE0637452A32F5EE0007E511 /* 648ed25bjw8est9nqrtnij20500503yr.jpg */,
				CE0637722A32F5F60007E511 /* 700a34f6gy1gaunswwui7j20j60pl78e.jpg */,
				CE06375C2A32F5F20007E511 /* 700a34f6gy1gaunswxtlrj20j60pkgok.jpg */,
				CE0637742A32F5F60007E511 /* 700a34f6gy1gaunswy5qnj20j60pkadk.jpg */,
				CE0637732A32F5F60007E511 /* 700a34f6gy1gaunsx2jywj20j60pkaeu.jpg */,
				CE06377D2A32F5F80007E511 /* 700a34f6gy1gaunsxgzixj20j60edmz8.jpg */,
				CE0637862A32F5F90007E511 /* 700a34f6gy1gaunsxhp4pj20j60pkn1k.jpg */,
				CE0637372A32F5EC0007E511 /* 700a34f6ly8g9a29rjt92j20fn0iqdg8.jpg */,
				CE06373D2A32F5ED0007E511 /* 8697cf1ely8gashxj3b09j20u00u040v.jpg */,
				CE06375E2A32F5F20007E511 /* 630584a6gy1gau54zgaxhj20m80et0vq.jpg */,
				CE06377E2A32F5F80007E511 /* 630584a6gy1gau54zl806j20m80etmzo.jpg */,
				CE06373F2A32F5ED0007E511 /* 630584a6gy1gau54zm4dtj20m80dftbv.jpg */,
				CE0637792A32F5F70007E511 /* 630584a6gy1gau54zyj61j20m80etn07.jpg */,
				CE06377B2A32F5F70007E511 /* 630584a6ly8fqs5wwkkmrj20ku0kuta7.jpg */,
				CE06375D2A32F5F20007E511 /* 76297935ly1gatz8g5rvxj22c03401kz.jpg */,
				CE06374B2A32F5EF0007E511 /* 76297935ly1gatz8k5itij22c02c01ky.jpg */,
				CE0637512A32F5F00007E511 /* 76297935ly1gatz8obqvkj22c0340npe.jpg */,
				CE0637612A32F5F30007E511 /* 76297935ly1gatz89dzblj23402c0qv6.jpg */,
				CE0637692A32F5F40007E511 /* 76297935ly8g4phfkq68hj20u00u0mzt.jpg */,
				CE0637552A32F5F10007E511 /* bca7fdafgw1ekhkps65b1j2050050dg4.jpg */,
				CE0637822A32F5F90007E511 /* bca7fdafly1gax1gqd9vmj20c80ayaam.jpg */,
				CE06373A2A32F5EC0007E511 /* bca7fdafly1gax1gqdg6qj20c80avdgl.jpg */,
				CE0637872A32F5F90007E511 /* bca7fdafly1gax1gqdhouj20c80axaam.jpg */,
				CE0637432A32F5EE0007E511 /* bca7fdafly1gax1gqdnboj20c80atmxp.jpg */,
				CE06373E2A32F5ED0007E511 /* bca7fdafly1gax1gqehdaj20c80atq3x.jpg */,
				CE0637852A32F5F90007E511 /* bca7fdafly1gax1gqfgsjj20c80axaay.jpg */,
				CE06374E2A32F5F00007E511 /* c5aa834fgy1gauzr6venkj20u01hc12f.jpg */,
				CE0637802A32F5F80007E511 /* c5aa834fgy1gauzr8ok78j20tz12fk8w.jpg */,
				CE0637882A32F5FA0007E511 /* c5aa834fgy1gauzr86bp5j20pb0w47in.jpg */,
				CE0637892A32F5FA0007E511 /* c5aa834fgy1gauzr95r6fj20tw0l3dq4.jpg */,
				CE06375F2A32F5F30007E511 /* c5aa834fgy1gauzrb7s5ej20tz13qh5x.jpg */,
				CE06374F2A32F5F00007E511 /* c5aa834fly8g97m8ix9lcj20re0regnk.jpg */,
				CE0637522A32F5F00007E511 /* d0c21786ly1gavj2btv6tj20c80790tg.jpg */,
				CE0637812A32F5F80007E511 /* d0c21786ly1gavj2c0kcej20c8096dh7.jpg */,
				CE0637572A32F5F10007E511 /* d0c21786ly1gavj2cdrkyj20c80720tg.jpg */,
				CE06376A2A32F5F40007E511 /* d0c21786ly1gavj2cowp9j20c8083ab4.jpg */,
				CE0637842A32F5F90007E511 /* d0c21786ly1gavj2d17d9j20c808zq3r.jpg */,
				CE0637422A32F5EE0007E511 /* d0c21786ly8fsax1ftiifj20ro0ro43g.jpg */,
				CE0637752A32F5F60007E511 /* eb5c94aegy1gav25n5ibjj20zk1h8wuu.jpg */,
				CE0637442A32F5EE0007E511 /* eb5c94aegy1gav25ox6dvj20u00k1go9.jpg */,
				CE06376B2A32F5F50007E511 /* eb5c94aegy1gav26fycwlj20zk1h8drh.jpg */,
				CE0637402A32F5ED0007E511 /* eb5c94aegy1gav2509cp5j20zk0k0n2j.jpg */,
				CE0637412A32F5EE0007E511 /* eb5c94aely8fmvumnl9baj20v90v9q49.jpg */,
				CE0637582A32F5F10007E511 /* PostListData_hot_1.json */,
				CE06376C2A32F5F50007E511 /* PostListData_recommend_1.json */,
			);
			path = Resources;
			sourceTree = "<group>";
		};
/* End PBXGroup section */

/* Begin PBXNativeTarget section */
		CE06371D2A32C8B80007E511 /* WeiBoSwiftUI */ = {
			isa = PBXNativeTarget;
			buildConfigurationList = CE06372C2A32C8B90007E511 /* Build configuration list for PBXNativeTarget "WeiBoSwiftUI" */;
			buildPhases = (
				CE06371A2A32C8B80007E511 /* Sources */,
				CE06371B2A32C8B80007E511 /* Frameworks */,
				CE06371C2A32C8B80007E511 /* Resources */,
			);
			buildRules = (
			);
			dependencies = (
			);
			name = WeiBoSwiftUI;
			productName = WeiBoSwiftUI;
			productReference = CE06371E2A32C8B80007E511 /* WeiBoSwiftUI.app */;
			productType = "com.apple.product-type.application";
		};
/* End PBXNativeTarget section */

/* Begin PBXProject section */
		CE0637162A32C8B80007E511 /* Project object */ = {
			isa = PBXProject;
			attributes = {
				BuildIndependentTargetsInParallel = 1;
				LastSwiftUpdateCheck = 1430;
				LastUpgradeCheck = 1430;
				TargetAttributes = {
					CE06371D2A32C8B80007E511 = {
						CreatedOnToolsVersion = 14.3.1;
					};
				};
			};
			buildConfigurationList = CE0637192A32C8B80007E511 /* Build configuration list for PBXProject "WeiBoSwiftUI" */;
			compatibilityVersion = "Xcode 14.0";
			developmentRegion = en;
			hasScannedForEncodings = 0;
			knownRegions = (
				en,
				Base,
			);
			mainGroup = CE0637152A32C8B80007E511;
			productRefGroup = CE06371F2A32C8B80007E511 /* Products */;
			projectDirPath = "";
			projectRoot = "";
			targets = (
				CE06371D2A32C8B80007E511 /* WeiBoSwiftUI */,
			);
		};
/* End PBXProject section */

/* Begin PBXResourcesBuildPhase section */
		CE06371C2A32C8B80007E511 /* Resources */ = {
			isa = PBXResourcesBuildPhase;
			buildActionMask = 2147483647;
			files = (
				CE0637DB2A32F5FA0007E511 /* c5aa834fgy1gauzr86bp5j20pb0w47in.jpg in Resources */,
				CE0637B92A32F5FA0007E511 /* 4e7f0c83gy1gam2ml6nucj22tc240kjl.jpg in Resources */,
				CE0637962A32F5FA0007E511 /* bca7fdafly1gax1gqdnboj20c80atmxp.jpg in Resources */,
				CE0637AD2A32F5FA0007E511 /* 9dc7402fgy1gavd38wwlrj20j60nyq6y.jpg in Resources */,
				CE06378B2A32F5FA0007E511 /* 006PdkDogy1gap6ngiyn3j30u011idle.jpg in Resources */,
				CE0637CF2A32F5FA0007E511 /* 9dc7402fjw1e8qgp5bmzyj2050050aa8.jpg in Resources */,
				CE0637902A32F5FA0007E511 /* 8697cf1ely8gashxj3b09j20u00u040v.jpg in Resources */,
				CE0637A42A32F5FA0007E511 /* 76297935ly1gatz8obqvkj22c0340npe.jpg in Resources */,
				CE0637B22A32F5FA0007E511 /* c5aa834fgy1gauzrb7s5ej20tz13qh5x.jpg in Resources */,
				CE0637D92A32F5FA0007E511 /* 700a34f6gy1gaunsxhp4pj20j60pkn1k.jpg in Resources */,
				CE0637C12A32F5FA0007E511 /* 8a0b5544gy1gauy2gz000j20u00n6wgj.jpg in Resources */,
				CE0637AA2A32F5FA0007E511 /* d0c21786ly1gavj2cdrkyj20c80720tg.jpg in Resources */,
				CE0637992A32F5FA0007E511 /* 4e7f0c83gy1gam2mn58d3j22tc240qv5.jpg in Resources */,
				CE0637932A32F5FA0007E511 /* eb5c94aegy1gav2509cp5j20zk0k0n2j.jpg in Resources */,
				CE0637A92A32F5FA0007E511 /* 006gWxMEly1gavap8vsqaj30hs0bwgm6.jpg in Resources */,
				CE0637DC2A32F5FA0007E511 /* c5aa834fgy1gauzr95r6fj20tw0l3dq4.jpg in Resources */,
				CE06378F2A32F5FA0007E511 /* 6ec3b446gy1gavd4xud8lj20j60qkwj0.jpg in Resources */,
				CE0637CD2A32F5FA0007E511 /* 4e7f0c83gy1gam2misv31j21hc0u016k.jpg in Resources */,
				CE06378D2A32F5FA0007E511 /* bca7fdafly1gax1gqdg6qj20c80avdgl.jpg in Resources */,
				CE0637D52A32F5FA0007E511 /* bca7fdafly1gax1gqd9vmj20c80ayaam.jpg in Resources */,
				CE0637BC2A32F5FA0007E511 /* 76297935ly8g4phfkq68hj20u00u0mzt.jpg in Resources */,
				CE0637942A32F5FA0007E511 /* eb5c94aely8fmvumnl9baj20v90v9q49.jpg in Resources */,
				CE06379A2A32F5FA0007E511 /* 8a0b5544gy1gauy2ex786j20u0129aed.jpg in Resources */,
				CE0637A32A32F5FA0007E511 /* 006PdkDoly8ffywe2fq39j304g04gwed.jpg in Resources */,
				CE0637A62A32F5FA0007E511 /* 8a0b5544gy1gauy2gmkg9j20u00gegnp.jpg in Resources */,
				CE0637C32A32F5FA0007E511 /* 8a0b5544gy1gauy2g35yoj20u00fomzf.jpg in Resources */,
				CE0637952A32F5FA0007E511 /* d0c21786ly8fsax1ftiifj20ro0ro43g.jpg in Resources */,
				CE0637292A32C8B90007E511 /* Preview Assets.xcassets in Resources */,
				CE06379B2A32F5FA0007E511 /* 6a2afec3jw8fb4ld0qf2gj20e80dsdfz.jpg in Resources */,
				CE0637D72A32F5FA0007E511 /* d0c21786ly1gavj2d17d9j20c808zq3r.jpg in Resources */,
				CE0637AB2A32F5FA0007E511 /* PostListData_hot_1.json in Resources */,
				CE0637BB2A32F5FA0007E511 /* 8a0b5544gy1gauy2hcozsj20u01czdiy.jpg in Resources */,
				CE0637C62A32F5FA0007E511 /* 700a34f6gy1gaunsx2jywj20j60pkaeu.jpg in Resources */,
				CE06379D2A32F5FA0007E511 /* 9dc7402fgy1gavd39ba15j20j60nywii.jpg in Resources */,
				CE0637B82A32F5FA0007E511 /* 9dc7402fgy1gavd38kqjtj20j60nyn1d.jpg in Resources */,
				CE0637D22A32F5FA0007E511 /* 006gWxMEly1gavap88gttj30hs0a0dgf.jpg in Resources */,
				CE0637B12A32F5FA0007E511 /* 630584a6gy1gau54zgaxhj20m80et0vq.jpg in Resources */,
				CE0637BF2A32F5FA0007E511 /* PostListData_recommend_1.json in Resources */,
				CE0637262A32C8B90007E511 /* Assets.xcassets in Resources */,
				CE0637D02A32F5FA0007E511 /* 700a34f6gy1gaunsxgzixj20j60edmz8.jpg in Resources */,
				CE0637C92A32F5FA0007E511 /* 9dc7402fgy1gavd367p0pj20j60nywic.jpg in Resources */,
				CE0637982A32F5FA0007E511 /* 648ed25bjw8est9nqrtnij20500503yr.jpg in Resources */,
				CE06378A2A32F5FA0007E511 /* 700a34f6ly8g9a29rjt92j20fn0iqdg8.jpg in Resources */,
				CE0637D62A32F5FA0007E511 /* 8a0b5544jw1e8qgp5bmzyj2050050aa8.jpg in Resources */,
				CE0637CE2A32F5FA0007E511 /* 630584a6ly8fqs5wwkkmrj20ku0kuta7.jpg in Resources */,
				CE0637CC2A32F5FA0007E511 /* 630584a6gy1gau54zyj61j20m80etn07.jpg in Resources */,
				CE0637BA2A32F5FA0007E511 /* 7f9147a5ly1fzxlgxgzpij20e90fltsj.jpg in Resources */,
				CE0637A82A32F5FA0007E511 /* bca7fdafgw1ekhkps65b1j2050050dg4.jpg in Resources */,
				CE0637C02A32F5FA0007E511 /* 4e7f0c83ly8g1ho507078j20ro0rojtq.jpg in Resources */,
				CE0637BE2A32F5FA0007E511 /* eb5c94aegy1gav26fycwlj20zk1h8drh.jpg in Resources */,
				CE0637D42A32F5FA0007E511 /* d0c21786ly1gavj2c0kcej20c8096dh7.jpg in Resources */,
				CE0637C52A32F5FA0007E511 /* 700a34f6gy1gaunswwui7j20j60pl78e.jpg in Resources */,
				CE06379F2A32F5FA0007E511 /* 6ec3b446gy1gavd523embj20j60pytd6.jpg in Resources */,
				CE0637AC2A32F5FA0007E511 /* 6a2afec3gy1gaulykcejqj20t5145wns.jpg in Resources */,
				CE0637C72A32F5FA0007E511 /* 700a34f6gy1gaunswy5qnj20j60pkadk.jpg in Resources */,
				CE0637D12A32F5FA0007E511 /* 630584a6gy1gau54zl806j20m80etmzo.jpg in Resources */,
				CE06379E2A32F5FA0007E511 /* 76297935ly1gatz8k5itij22c02c01ky.jpg in Resources */,
				CE06378C2A32F5FA0007E511 /* 9dc7402fgy1gavd37l9nwj20j60ny44q.jpg in Resources */,
				CE0637C82A32F5FA0007E511 /* eb5c94aegy1gav25n5ibjj20zk1h8wuu.jpg in Resources */,
				CE0637AE2A32F5FA0007E511 /* 006gWxMEly8g0bjpl3ynij30kv0kv773.jpg in Resources */,
				CE0637A02A32F5FA0007E511 /* 6ec3b446jw1e8qgp5bmzyj2050050aa8.jpg in Resources */,
				CE0637922A32F5FA0007E511 /* 630584a6gy1gau54zm4dtj20m80dftbv.jpg in Resources */,
				CE0637912A32F5FA0007E511 /* bca7fdafly1gax1gqehdaj20c80atq3x.jpg in Resources */,
				CE0637DA2A32F5FA0007E511 /* bca7fdafly1gax1gqdhouj20c80axaam.jpg in Resources */,
				CE0637A52A32F5FA0007E511 /* d0c21786ly1gavj2btv6tj20c80790tg.jpg in Resources */,
				CE0637A12A32F5FA0007E511 /* c5aa834fgy1gauzr6venkj20u01hc12f.jpg in Resources */,
				CE0637D32A32F5FA0007E511 /* c5aa834fgy1gauzr8ok78j20tz12fk8w.jpg in Resources */,
				CE0637A22A32F5FA0007E511 /* c5aa834fly8g97m8ix9lcj20re0regnk.jpg in Resources */,
				CE0637B02A32F5FA0007E511 /* 76297935ly1gatz8g5rvxj22c03401kz.jpg in Resources */,
				CE0637B52A32F5FA0007E511 /* 8a0b5544gy1gauy2flua6j20u00hitab.jpg in Resources */,
				CE0637B62A32F5FA0007E511 /* 4e7f0c83gy1gam2mp0x4pj22tc240u0x.jpg in Resources */,
				CE0637CB2A32F5FA0007E511 /* 006PdkDogy1gap6ngj12ej30u011itf7.jpg in Resources */,
				CE0637C42A32F5FA0007E511 /* 006gWxMEly1gavap86qr9j30ht0qo40t.jpg in Resources */,
				CE0637B42A32F5FA0007E511 /* 76297935ly1gatz89dzblj23402c0qv6.jpg in Resources */,
				CE0637A72A32F5FA0007E511 /* 7f9147a5ly1fzxlh6hzdnj20e90fl7me.jpg in Resources */,
				CE0637972A32F5FA0007E511 /* eb5c94aegy1gav25ox6dvj20u00k1go9.jpg in Resources */,
				CE0637C22A32F5FA0007E511 /* 6ec3b446gy1gavd51jc4lj20j60pmwhl.jpg in Resources */,
				CE0637B32A32F5FA0007E511 /* 4e7f0c83gy1gam2mr1b81j22tc2407wi.jpg in Resources */,
				CE0637D82A32F5FA0007E511 /* bca7fdafly1gax1gqfgsjj20c80axaay.jpg in Resources */,
				CE0637B72A32F5FA0007E511 /* 4e7f0c83gy1gam2mjhk8zj21hc0v6wnx.jpg in Resources */,
				CE06379C2A32F5FA0007E511 /* 005tnxzUly8gab4i2r73xj30u00u0js8.jpg in Resources */,
				CE0637CA2A32F5FA0007E511 /* 006gWxMEly1gavap8dywoj30hs0bwq48.jpg in Resources */,
				CE0637AF2A32F5FA0007E511 /* 700a34f6gy1gaunswxtlrj20j60pkgok.jpg in Resources */,
				CE06378E2A32F5FA0007E511 /* 7f9147a5ly1fzxlh4ovuej20e90fl4fo.jpg in Resources */,
				CE0637BD2A32F5FA0007E511 /* d0c21786ly1gavj2cowp9j20c8083ab4.jpg in Resources */,
			);
			runOnlyForDeploymentPostprocessing = 0;
		};
/* End PBXResourcesBuildPhase section */

/* Begin PBXSourcesBuildPhase section */
		CE06371A2A32C8B80007E511 /* Sources */ = {
			isa = PBXSourcesBuildPhase;
			buildActionMask = 2147483647;
			files = (
				CE0637242A32C8B80007E511 /* ContentView.swift in Sources */,
				CE0637DE2A32FEDF0007E511 /* PostCellToolbarButton.swift in Sources */,
				CE0637322A32D4750007E511 /* PostVIPBadge.swift in Sources */,
				CE0637222A32C8B80007E511 /* WeiBoSwiftUIApp.swift in Sources */,
				CE0637302A32CEE40007E511 /* PostCell.swift in Sources */,
				CE0637342A32E54E0007E511 /* Post.swift in Sources */,
				CE0637E02A3303030007E511 /* PostListView.swift in Sources */,
				CE0637E22A330E8D0007E511 /* PostImageCell.swift in Sources */,
			);
			runOnlyForDeploymentPostprocessing = 0;
		};
/* End PBXSourcesBuildPhase section */

/* Begin XCBuildConfiguration section */
		CE06372A2A32C8B90007E511 /* Debug */ = {
			isa = XCBuildConfiguration;
			buildSettings = {
				ALWAYS_SEARCH_USER_PATHS = NO;
				CLANG_ANALYZER_NONNULL = YES;
				CLANG_ANALYZER_NUMBER_OBJECT_CONVERSION = YES_AGGRESSIVE;
				CLANG_CXX_LANGUAGE_STANDARD = "gnu++20";
				CLANG_ENABLE_MODULES = YES;
				CLANG_ENABLE_OBJC_ARC = YES;
				CLANG_ENABLE_OBJC_WEAK = YES;
				CLANG_WARN_BLOCK_CAPTURE_AUTORELEASING = YES;
				CLANG_WARN_BOOL_CONVERSION = YES;
				CLANG_WARN_COMMA = YES;
				CLANG_WARN_CONSTANT_CONVERSION = YES;
				CLANG_WARN_DEPRECATED_OBJC_IMPLEMENTATIONS = YES;
				CLANG_WARN_DIRECT_OBJC_ISA_USAGE = YES_ERROR;
				CLANG_WARN_DOCUMENTATION_COMMENTS = YES;
				CLANG_WARN_EMPTY_BODY = YES;
				CLANG_WARN_ENUM_CONVERSION = YES;
				CLANG_WARN_INFINITE_RECURSION = YES;
				CLANG_WARN_INT_CONVERSION = YES;
				CLANG_WARN_NON_LITERAL_NULL_CONVERSION = YES;
				CLANG_WARN_OBJC_IMPLICIT_RETAIN_SELF = YES;
				CLANG_WARN_OBJC_LITERAL_CONVERSION = YES;
				CLANG_WARN_OBJC_ROOT_CLASS = YES_ERROR;
				CLANG_WARN_QUOTED_INCLUDE_IN_FRAMEWORK_HEADER = YES;
				CLANG_WARN_RANGE_LOOP_ANALYSIS = YES;
				CLANG_WARN_STRICT_PROTOTYPES = YES;
				CLANG_WARN_SUSPICIOUS_MOVE = YES;
				CLANG_WARN_UNGUARDED_AVAILABILITY = YES_AGGRESSIVE;
				CLANG_WARN_UNREACHABLE_CODE = YES;
				CLANG_WARN__DUPLICATE_METHOD_MATCH = YES;
				COPY_PHASE_STRIP = NO;
				DEBUG_INFORMATION_FORMAT = dwarf;
				ENABLE_STRICT_OBJC_MSGSEND = YES;
				ENABLE_TESTABILITY = YES;
				GCC_C_LANGUAGE_STANDARD = gnu11;
				GCC_DYNAMIC_NO_PIC = NO;
				GCC_NO_COMMON_BLOCKS = YES;
				GCC_OPTIMIZATION_LEVEL = 0;
				GCC_PREPROCESSOR_DEFINITIONS = (
					"DEBUG=1",
					"$(inherited)",
				);
				GCC_WARN_64_TO_32_BIT_CONVERSION = YES;
				GCC_WARN_ABOUT_RETURN_TYPE = YES_ERROR;
				GCC_WARN_UNDECLARED_SELECTOR = YES;
				GCC_WARN_UNINITIALIZED_AUTOS = YES_AGGRESSIVE;
				GCC_WARN_UNUSED_FUNCTION = YES;
				GCC_WARN_UNUSED_VARIABLE = YES;
				IPHONEOS_DEPLOYMENT_TARGET = 16.4;
				MTL_ENABLE_DEBUG_INFO = INCLUDE_SOURCE;
				MTL_FAST_MATH = YES;
				ONLY_ACTIVE_ARCH = YES;
				SDKROOT = iphoneos;
				SWIFT_ACTIVE_COMPILATION_CONDITIONS = DEBUG;
				SWIFT_OPTIMIZATION_LEVEL = "-Onone";
			};
			name = Debug;
		};
		CE06372B2A32C8B90007E511 /* Release */ = {
			isa = XCBuildConfiguration;
			buildSettings = {
				ALWAYS_SEARCH_USER_PATHS = NO;
				CLANG_ANALYZER_NONNULL = YES;
				CLANG_ANALYZER_NUMBER_OBJECT_CONVERSION = YES_AGGRESSIVE;
				CLANG_CXX_LANGUAGE_STANDARD = "gnu++20";
				CLANG_ENABLE_MODULES = YES;
				CLANG_ENABLE_OBJC_ARC = YES;
				CLANG_ENABLE_OBJC_WEAK = YES;
				CLANG_WARN_BLOCK_CAPTURE_AUTORELEASING = YES;
				CLANG_WARN_BOOL_CONVERSION = YES;
				CLANG_WARN_COMMA = YES;
				CLANG_WARN_CONSTANT_CONVERSION = YES;
				CLANG_WARN_DEPRECATED_OBJC_IMPLEMENTATIONS = YES;
				CLANG_WARN_DIRECT_OBJC_ISA_USAGE = YES_ERROR;
				CLANG_WARN_DOCUMENTATION_COMMENTS = YES;
				CLANG_WARN_EMPTY_BODY = YES;
				CLANG_WARN_ENUM_CONVERSION = YES;
				CLANG_WARN_INFINITE_RECURSION = YES;
				CLANG_WARN_INT_CONVERSION = YES;
				CLANG_WARN_NON_LITERAL_NULL_CONVERSION = YES;
				CLANG_WARN_OBJC_IMPLICIT_RETAIN_SELF = YES;
				CLANG_WARN_OBJC_LITERAL_CONVERSION = YES;
				CLANG_WARN_OBJC_ROOT_CLASS = YES_ERROR;
				CLANG_WARN_QUOTED_INCLUDE_IN_FRAMEWORK_HEADER = YES;
				CLANG_WARN_RANGE_LOOP_ANALYSIS = YES;
				CLANG_WARN_STRICT_PROTOTYPES = YES;
				CLANG_WARN_SUSPICIOUS_MOVE = YES;
				CLANG_WARN_UNGUARDED_AVAILABILITY = YES_AGGRESSIVE;
				CLANG_WARN_UNREACHABLE_CODE = YES;
				CLANG_WARN__DUPLICATE_METHOD_MATCH = YES;
				COPY_PHASE_STRIP = NO;
				DEBUG_INFORMATION_FORMAT = "dwarf-with-dsym";
				ENABLE_NS_ASSERTIONS = NO;
				ENABLE_STRICT_OBJC_MSGSEND = YES;
				GCC_C_LANGUAGE_STANDARD = gnu11;
				GCC_NO_COMMON_BLOCKS = YES;
				GCC_WARN_64_TO_32_BIT_CONVERSION = YES;
				GCC_WARN_ABOUT_RETURN_TYPE = YES_ERROR;
				GCC_WARN_UNDECLARED_SELECTOR = YES;
				GCC_WARN_UNINITIALIZED_AUTOS = YES_AGGRESSIVE;
				GCC_WARN_UNUSED_FUNCTION = YES;
				GCC_WARN_UNUSED_VARIABLE = YES;
				IPHONEOS_DEPLOYMENT_TARGET = 16.4;
				MTL_ENABLE_DEBUG_INFO = NO;
				MTL_FAST_MATH = YES;
				SDKROOT = iphoneos;
				SWIFT_COMPILATION_MODE = wholemodule;
				SWIFT_OPTIMIZATION_LEVEL = "-O";
				VALIDATE_PRODUCT = YES;
			};
			name = Release;
		};
		CE06372D2A32C8B90007E511 /* Debug */ = {
			isa = XCBuildConfiguration;
			buildSettings = {
				ASSETCATALOG_COMPILER_APPICON_NAME = AppIcon;
				ASSETCATALOG_COMPILER_GLOBAL_ACCENT_COLOR_NAME = AccentColor;
				CODE_SIGN_STYLE = Automatic;
				CURRENT_PROJECT_VERSION = 1;
				DEVELOPMENT_ASSET_PATHS = "\"WeiBoSwiftUI/Preview Content\"";
				DEVELOPMENT_TEAM = K4DVKAD4TK;
				ENABLE_PREVIEWS = YES;
				GENERATE_INFOPLIST_FILE = YES;
				INFOPLIST_KEY_UIApplicationSceneManifest_Generation = YES;
				INFOPLIST_KEY_UIApplicationSupportsIndirectInputEvents = YES;
				INFOPLIST_KEY_UILaunchScreen_Generation = YES;
				INFOPLIST_KEY_UISupportedInterfaceOrientations_iPad = "UIInterfaceOrientationPortrait UIInterfaceOrientationPortraitUpsideDown UIInterfaceOrientationLandscapeLeft UIInterfaceOrientationLandscapeRight";
				INFOPLIST_KEY_UISupportedInterfaceOrientations_iPhone = "UIInterfaceOrientationPortrait UIInterfaceOrientationLandscapeLeft UIInterfaceOrientationLandscapeRight";
				LD_RUNPATH_SEARCH_PATHS = (
					"$(inherited)",
					"@executable_path/Frameworks",
				);
				MARKETING_VERSION = 1.0;
				PRODUCT_BUNDLE_IDENTIFIER = com.lsaac.WeiBoSwiftUI;
				PRODUCT_NAME = "$(TARGET_NAME)";
				SWIFT_EMIT_LOC_STRINGS = YES;
				SWIFT_VERSION = 5.0;
				TARGETED_DEVICE_FAMILY = "1,2";
			};
			name = Debug;
		};
		CE06372E2A32C8B90007E511 /* Release */ = {
			isa = XCBuildConfiguration;
			buildSettings = {
				ASSETCATALOG_COMPILER_APPICON_NAME = AppIcon;
				ASSETCATALOG_COMPILER_GLOBAL_ACCENT_COLOR_NAME = AccentColor;
				CODE_SIGN_STYLE = Automatic;
				CURRENT_PROJECT_VERSION = 1;
				DEVELOPMENT_ASSET_PATHS = "\"WeiBoSwiftUI/Preview Content\"";
				DEVELOPMENT_TEAM = K4DVKAD4TK;
				ENABLE_PREVIEWS = YES;
				GENERATE_INFOPLIST_FILE = YES;
				INFOPLIST_KEY_UIApplicationSceneManifest_Generation = YES;
				INFOPLIST_KEY_UIApplicationSupportsIndirectInputEvents = YES;
				INFOPLIST_KEY_UILaunchScreen_Generation = YES;
				INFOPLIST_KEY_UISupportedInterfaceOrientations_iPad = "UIInterfaceOrientationPortrait UIInterfaceOrientationPortraitUpsideDown UIInterfaceOrientationLandscapeLeft UIInterfaceOrientationLandscapeRight";
				INFOPLIST_KEY_UISupportedInterfaceOrientations_iPhone = "UIInterfaceOrientationPortrait UIInterfaceOrientationLandscapeLeft UIInterfaceOrientationLandscapeRight";
				LD_RUNPATH_SEARCH_PATHS = (
					"$(inherited)",
					"@executable_path/Frameworks",
				);
				MARKETING_VERSION = 1.0;
				PRODUCT_BUNDLE_IDENTIFIER = com.lsaac.WeiBoSwiftUI;
				PRODUCT_NAME = "$(TARGET_NAME)";
				SWIFT_EMIT_LOC_STRINGS = YES;
				SWIFT_VERSION = 5.0;
				TARGETED_DEVICE_FAMILY = "1,2";
			};
			name = Release;
		};
/* End XCBuildConfiguration section */

/* Begin XCConfigurationList section */
		CE0637192A32C8B80007E511 /* Build configuration list for PBXProject "WeiBoSwiftUI" */ = {
			isa = XCConfigurationList;
			buildConfigurations = (
				CE06372A2A32C8B90007E511 /* Debug */,
				CE06372B2A32C8B90007E511 /* Release */,
			);
			defaultConfigurationIsVisible = 0;
			defaultConfigurationName = Release;
		};
		CE06372C2A32C8B90007E511 /* Build configuration list for PBXNativeTarget "WeiBoSwiftUI" */ = {
			isa = XCConfigurationList;
			buildConfigurations = (
				CE06372D2A32C8B90007E511 /* Debug */,
				CE06372E2A32C8B90007E511 /* Release */,
			);
			defaultConfigurationIsVisible = 0;
			defaultConfigurationName = Release;
		};
/* End XCConfigurationList section */
	};
	rootObject = CE0637162A32C8B80007E511 /* Project object */;
}
